
Microsoft Visual Studio Solution File, Format Version 12.00
# Visual Studio Version 17
VisualStudioVersion = 17.1.32210.238
MinimumVisualStudioVersion = 10.0.40219.1
Project("{2150E333-8FDC-42A3-9474-1A3956D46DE8}") = "src", "src", "{5E3F62C9-B410-4A55-86E1-273646B514FE}"
EndProject
Project("{2150E333-8FDC-42A3-9474-1A3956D46DE8}") = "Core", "Core", "{5A89E3AA-ADA2-49AD-8B55-1661ACB253C0}"
EndProject
Project("{2150E333-8FDC-42A3-9474-1A3956D46DE8}") = "Api", "Api", "{ADE12F1E-0059-46DA-9FA4-A2AD81776646}"
EndProject
Project("{2150E333-8FDC-42A3-9474-1A3956D46DE8}") = "Infrastructure", "Infrastructure", "{8D304637-E181-4486-B38C-8F0A73922434}"
EndProject
Project("{FAE04EC0-301F-11D3-BF4B-00C04F79EFBC}") = "Demo.Persistence", "Demo.Persistence\Demo.Persistence.csproj", "{5561BB84-14E3-4DC3-93AD-C1CEC7B04378}"
EndProject
Project("{FAE04EC0-301F-11D3-BF4B-00C04F79EFBC}") = "Demo.Api", "Demo.Api\Demo.Api.csproj", "{819AD261-3908-495F-B8DD-2813DEEAE213}"
EndProject
Project("{FAE04EC0-301F-11D3-BF4B-00C04F79EFBC}") = "Demo.Domain", "Demo.Domain\Demo.Domain.csproj", "{312C21BD-C302-4296-B6E0-50EB884FCD36}"
EndProject
Project("{FAE04EC0-301F-11D3-BF4B-00C04F79EFBC}") = "Demo.Application", "Demo.Application\Demo.Application.csproj", "{33BBA8B4-FEA9-470B-8F49-EF348A1304E1}"
EndProject
Global
	GlobalSection(SolutionConfigurationPlatforms) = preSolution
		Debug|Any CPU = Debug|Any CPU
		Release|Any CPU = Release|Any CPU
	EndGlobalSection
	GlobalSection(ProjectConfigurationPlatforms) = postSolution
		{5561BB84-14E3-4DC3-93AD-C1CEC7B04378}.Debug|Any CPU.ActiveCfg = Debug|Any CPU
		{5561BB84-14E3-4DC3-93AD-C1CEC7B04378}.Debug|Any CPU.Build.0 = Debug|Any CPU
		{5561BB84-14E3-4DC3-93AD-C1CEC7B04378}.Release|Any CPU.ActiveCfg = Release|Any CPU
		{5561BB84-14E3-4DC3-93AD-C1CEC7B04378}.Release|Any CPU.Build.0 = Release|Any CPU
		{819AD261-3908-495F-B8DD-2813DEEAE213}.Debug|Any CPU.ActiveCfg = Debug|Any CPU
		{819AD261-3908-495F-B8DD-2813DEEAE213}.Debug|Any CPU.Build.0 = Debug|Any CPU
		{819AD261-3908-495F-B8DD-2813DEEAE213}.Release|Any CPU.ActiveCfg = Release|Any CPU
		{819AD261-3908-495F-B8DD-2813DEEAE213}.Release|Any CPU.Build.0 = Release|Any CPU
		{312C21BD-C302-4296-B6E0-50EB884FCD36}.Debug|Any CPU.ActiveCfg = Debug|Any CPU
		{312C21BD-C302-4296-B6E0-50EB884FCD36}.Debug|Any CPU.Build.0 = Debug|Any CPU
		{312C21BD-C302-4296-B6E0-50EB884FCD36}.Release|Any CPU.ActiveCfg = Release|Any CPU
		{312C21BD-C302-4296-B6E0-50EB884FCD36}.Release|Any CPU.Build.0 = Release|Any CPU
		{33BBA8B4-FEA9-470B-8F49-EF348A1304E1}.Debug|Any CPU.ActiveCfg = Debug|Any CPU
		{33BBA8B4-FEA9-470B-8F49-EF348A1304E1}.Debug|Any CPU.Build.0 = Debug|Any CPU
		{33BBA8B4-FEA9-470B-8F49-EF348A1304E1}.Release|Any CPU.ActiveCfg = Release|Any CPU
		{33BBA8B4-FEA9-470B-8F49-EF348A1304E1}.Release|Any CPU.Build.0 = Release|Any CPU
	EndGlobalSection
	GlobalSection(SolutionProperties) = preSolution
		HideSolutionNode = FALSE
	EndGlobalSection
	GlobalSection(NestedProjects) = preSolution
		{5A89E3AA-ADA2-49AD-8B55-1661ACB253C0} = {5E3F62C9-B410-4A55-86E1-273646B514FE}
		{ADE12F1E-0059-46DA-9FA4-A2AD81776646} = {5E3F62C9-B410-4A55-86E1-273646B514FE}
		{8D304637-E181-4486-B38C-8F0A73922434} = {5E3F62C9-B410-4A55-86E1-273646B514FE}
		{5561BB84-14E3-4DC3-93AD-C1CEC7B04378} = {8D304637-E181-4486-B38C-8F0A73922434}
		{819AD261-3908-495F-B8DD-2813DEEAE213} = {ADE12F1E-0059-46DA-9FA4-A2AD81776646}
		{312C21BD-C302-4296-B6E0-50EB884FCD36} = {5A89E3AA-ADA2-49AD-8B55-1661ACB253C0}
		{33BBA8B4-FEA9-470B-8F49-EF348A1304E1} = {5A89E3AA-ADA2-49AD-8B55-1661ACB253C0}
	EndGlobalSection
	GlobalSection(ExtensibilityGlobals) = postSolution
		SolutionGuid = {E4C64F22-CA64-4494-88D9-066FD17B231A}
	EndGlobalSection
EndGlobal
